github.com/buger/jsonparser v1.1.1 h1:2PnMjfWD7wBILjqQbt530v576A/cAbQvEW9gGIpYMUs=
github.com/buger/jsonparser v1.1.1/go.mod h1:6RYKKt7H4d4+iWqouImQ9R2FZql3VbhNgx27UK13J/0=
github.com/creack/pty v1.1.9/go.mod h1:oKZEueFk5CKHvIhNR5MUki03XCEU+Q6VDXinZuGJ33E=
github.com/davecgh/go-spew v1.1.0/go.mod h1:J7Y8YcW2NihsgmVo/mv3lAwl/skON4iLHjSsI+c5H38=
github.com/davecgh/go-spew v1.1.1 h1:vj9j/u1bqnvCEfJOwUhtlOARqs3+rkHYY13jYWTU97c=
github.com/davecgh/go-spew v1.1.1/go.mod h1:J7Y8YcW2NihsgmVo/mv3lAwl/skON4iLHjSsI+c5H38=
github.com/docopt/docopt-go v0.0.0-20180111231733-ee0de3bc6815 h1:bWDMxwH3px2JBh6AyO7hdCn/PkvCZXii8TGj7sbtEbQ=
github.com/docopt/docopt-go v0.0.0-20180111231733-ee0de3bc6815/go.mod h1:WwZ+bS3ebgob9U8Nd0kOddGdZWjyMGR8Wziv+TBNwSE=
github.com/flowstack/go-jsonschema v0.1.1 h1:dCrjGJRXIlbDsLAgTJZTjhwUJnnxVWl1OgNyYh5nyDc=
github.com/flowstack/go-jsonschema v0.1.1/go.mod h1:yL7fNggx1o8rm9RlgXv7hTBWxdBM0rVwpMwimd3F3N0=
github.com/golang/protobuf v1.5.4 h1:i7eJL8qZTpSEXOPTxNKhASYpMn+8e5Q6AdndVa1dWek=
github.com/golang/protobuf v1.5.4/go.mod h1:lnTiLA8Wa4RWRcIUkrtSVa5nRhsEGBg48fD6rSs7xps=
github.com/google/gnostic-models v0.6.9 h1:MU/8wDLif2qCXZmzncUQ/BOfxWfthHi63KqpoNbWqVw=
github.com/google/gnostic-models v0.6.9/go.mod h1:CiWsm0s6BSQd1hRn8/QmxqB6BesYcbSZxsz9b0KuDBw=
github.com/google/go-cmp v0.6.0 h1:ofyhxvXcZhMsU5ulbFiLKl/XBFqE1GSq7atu8tAmTRI=
github.com/google/go-cmp v0.6.0/go.mod h1:17dUlkBOakJ0+DkrSSNjCkIjxS6bF9zb3elmeNGIjoY=
github.com/jeroenrinzema/openapi v0.0.0-20250206191947-c4bf469e7fef h1:Ifw/JyjRUYYezXNTjvTo+MJ4mEGnu0gZr1hTCNYMjTY=
github.com/jeroenrinzema/openapi v0.0.0-20250206191947-c4bf469e7fef/go.mod h1:5UIDak/DK15prKbrzgpFi54kGTG1vuLX3116S4kclo0=
github.com/jeroenrinzema/openapi v0.0.0-20250206192856-122a24cb88cc h1:n0y457g/asbvHkPSHwtiO+J3qI8mKim2GPd/o0AK6nE=
github.com/jeroenrinzema/openapi v0.0.0-20250206192856-122a24cb88cc/go.mod h1:5UIDak/DK15prKbrzgpFi54kGTG1vuLX3116S4kclo0=
github.com/jeroenrinzema/openapi v0.0.0-20250206193250-35adb38b3d31 h1:706C3z8HqwbalD6utqVXeoPzPrZg2oQIF44NJgzvmUY=
github.com/jeroenrinzema/openapi v0.0.0-20250206193250-35adb38b3d31/go.mod h1:5UIDak/DK15prKbrzgpFi54kGTG1vuLX3116S4kclo0=
github.com/jeroenrinzema/openapi v0.0.0-20250206194208-728e7c5011a8 h1:5caF7+QqsycdLqms+adxnCWBgn/U8Zl/l4siDdaMsPY=
github.com/jeroenrinzema/openapi v0.0.0-20250206194208-728e7c5011a8/go.mod h1:5UIDak/DK15prKbrzgpFi54kGTG1vuLX3116S4kclo0=
github.com/jeroenrinzema/openapi v0.0.0-20250206194350-01fe60a20bb5 h1:G7Uo8s9sSQ11iTFyQgaFeBFlbUH5tSO1LAfS62QHr+A=
github.com/jeroenrinzema/openapi v0.0.0-20250206194350-01fe60a20bb5/go.mod h1:5UIDak/DK15prKbrzgpFi54kGTG1vuLX3116S4kclo0=
github.com/kr/pretty v0.2.1/go.mod h1:ipq/a2n7PKx3OHsz4KJII5eveXtPO4qwEXGdVfWzfnI=
github.com/kr/pretty v0.3.1 h1:flRD4NNwYAUpkphVc1HcthR4KEIFJ65n8Mw5qdRn3LE=
github.com/kr/pretty v0.3.1/go.mod h1:hoEshYVHaxMs3cyo3Yncou5ZscifuDolrwPKZanG3xk=
github.com/kr/pty v1.1.1/go.mod h1:pFQYn66WHrOpPYNljwOMqo10TkYh1fy3cYio2l3bCsQ=
github.com/kr/text v0.1.0/go.mod h1:4Jbv+DJW3UT/LiOwJeYQe1efqtUx/iVham/4vfdArNI=
github.com/kr/text v0.2.0 h1:5Nx0Ya0ZqY2ygV366QzturHI13Jq95ApcVaJBhpS+AY=
github.com/kr/text v0.2.0/go.mod h1:eLer722TekiGuMkidMxC/pM04lWEeraHUUmBw8l2grE=
github.com/pkg/diff v0.0.0-20210226163009-20ebb0f2a09e/go.mod h1:pJLUxLENpZxwdsKMEsNbx1VGcRFpLqf3715MtcvvzbA=
github.com/pmezard/go-difflib v1.0.0 h1:4DBwDE0NGyQoBHbLQYPwSUPoCMWR5BEzIk/f1lZbAQM=
github.com/pmezard/go-difflib v1.0.0/go.mod h1:iKH77koFhYxTK1pcRnkKkqfTogsbg7gZNVY4sRDYZ/4=
github.com/rogpeppe/go-internal v1.9.0/go.mod h1:WtVeX8xhTBvf0smdhujwtBcq4Qrzq/fJaraNFVN+nFs=
github.com/rogpeppe/go-internal v1.12.0 h1:exVL4IDcn6na9z1rAb56Vxr+CgyK3nn3O+epU5NdKM8=
github.com/rogpeppe/go-internal v1.12.0/go.mod h1:E+RYuTGaKKdloAfM02xzb0FW3Paa99yedzYV+kq4uf4=
github.com/stoewer/go-strcase v1.3.0 h1:g0eASXYtp+yvN9fK8sH94oCIk0fau9uV1/ZdJ0AVEzs=
github.com/stoewer/go-strcase v1.3.0/go.mod h1:fAH5hQ5pehh+j3nZfvwdk2RgEgQjAoM8wodgtPmh1xo=
github.com/stretchr/objx v0.1.0/go.mod h1:HFkY916IF+rwdDfMAkV7OtwuqBVzrE8GR6GFx+wExME=
github.com/stretchr/objx v0.4.0/go.mod h1:YvHI0jy2hoMjB+UWwv71VJQ9isScKT/TqJzVSSt89Yw=
github.com/stretchr/objx v0.5.0/go.mod h1:Yh+to48EsGEfYuaHDzXPcE3xhTkx73EhmCGUpEOglKo=
github.com/stretchr/testify v1.3.0/go.mod h1:M5WIy9Dh21IEIfnGCwXGc5bZfKNJtfHm1UVUgZn+9EI=
github.com/stretchr/testify v1.7.1/go.mod h1:6Fq8oRcR53rry900zMqJjRRixrwX3KX962/h/Wwjteg=
github.com/stretchr/testify v1.8.0/go.mod h1:yNjHg4UonilssWZ8iaSj1OCr/vHnekPRkoO+kdMU+MU=
github.com/stretchr/testify v1.8.1/go.mod h1:w2LPCIKwWwSfY2zedu0+kehJoqGctiVI29o6fzry7u4=
github.com/stretchr/testify v1.9.0 h1:HtqpIVDClZ4nwg75+f6Lvsy/wHu+3BoSGCbBAcpTsTg=
github.com/stretchr/testify v1.9.0/go.mod h1:r2ic/lqez/lEtzL7wO/rwa5dbSLXVDPFyf8C91i36aY=
github.com/xeipuuv/gojsonpointer v0.0.0-20180127040702-4e3ac2762d5f h1:J9EGpcZtP0E/raorCMxlFGSTBrsSlaDGf3jU/qvAE2c=
github.com/xeipuuv/gojsonpointer v0.0.0-20180127040702-4e3ac2762d5f/go.mod h1:N2zxlSyiKSe5eX1tZViRH5QA0qijqEDrYZiPEAiq3wU=
github.com/xeipuuv/gojsonreference v0.0.0-20180127040603-bd5ef7bd5415 h1:EzJWgHovont7NscjpAxXsDA8S8BMYve8Y5+7cuRE7R0=
github.com/xeipuuv/gojsonreference v0.0.0-20180127040603-bd5ef7bd5415/go.mod h1:GwrjFmJcFw6At/Gs6z4yjiIwzuJ1/+UwLxMQDVQXShQ=
github.com/xeipuuv/gojsonschema v1.2.0 h1:LhYJRs+L4fBtjZUfuSZIKGeVu0QRy8e5Xi7D17UxZ74=
github.com/xeipuuv/gojsonschema v1.2.0/go.mod h1:anYRn/JVcOK2ZgGU+IjEV4nwlhoK5sQluxsYJ78Id3Y=
golang.org/x/mod v0.20.0 h1:utOm6MM3R3dnawAiJgn0y+xvuYRsm1RKM/4giyfDgV0=
golang.org/x/mod v0.20.0/go.mod h1:hTbmBsO62+eylJbnUtE2MGJUyE7QWk4xUqPFrRgJ+7c=
golang.org/x/net v0.0.0-20210805182204-aaa1db679c0d/go.mod h1:9nx3DQGgdP8bBQD5qxJ1jj9UTztislL4KSBs9R2vV5Y=
golang.org/x/net v0.33.0 h1:74SYHlV8BIgHIFC/LrYkOGIwL19eTYXQ5wc6TBuO36I=
golang.org/x/net v0.33.0/go.mod h1:HXLR5J+9DxmrqMwG9qjGCxZ+zKXxBru04zlTvWlWuN4=
golang.org/x/sync v0.10.0 h1:3NQrjDixjgGwUOCaF8w2+VYHv0Ve/vGYSbdkTa98gmQ=
golang.org/x/sync v0.10.0/go.mod h1:Czt+wKu1gCyEFDUtn0jG5QVvpJ6rzVqr5aXyt9drQfk=
golang.org/x/sys v0.0.0-20201119102817-f84b799fce68/go.mod h1:h1NjWce9XRLGQEsW7wpKNCjG9DtNlClVuFLEZdDNbEs=
golang.org/x/sys v0.0.0-20210423082822-04245dca01da/go.mod h1:h1NjWce9XRLGQEsW7wpKNCjG9DtNlClVuFLEZdDNbEs=
golang.org/x/term v0.0.0-20201126162022-7de9c90e9dd1/go.mod h1:bj7SfCRtBDWHUb9snDiAeCFNEtKQo2Wmx5Cou7ajbmo=
golang.org/x/text v0.3.6/go.mod h1:5Zoc/QRtKVWzQhOtBMvqHzDpF6irO9z98xDceosuGiQ=
golang.org/x/text v0.21.0 h1:zyQAAkrwaneQ066sspRyJaG9VNi/YJ1NfzcGB3hZ/qo=
golang.org/x/text v0.21.0/go.mod h1:4IBbMaMmOPCJ8SecivzSH54+73PCFmPWxNTLm+vZkEQ=
golang.org/x/tools v0.0.0-20180917221912-90fa682c2a6e/go.mod h1:n7NCudcB/nEzxVGmLbDWY5pfWTLqBcC2KZ6jyYvM4mQ=
golang.org/x/tools v0.24.0 h1:J1shsA93PJUEVaUSaay7UXAyE8aimq3GW0pjlolpa24=
golang.org/x/tools v0.24.0/go.mod h1:YhNqVBIfWHdzvTLs0d8LCuMhkKUgSUKldakyV7W/WDQ=
google.golang.org/genproto/googleapis/api v0.0.0-20241118233622-e639e219e697 h1:pgr/4QbFyktUv9CtQ/Fq4gzEE6/Xs7iCXbktaGzLHbQ=
google.golang.org/genproto/googleapis/api v0.0.0-20241118233622-e639e219e697/go.mod h1:+D9ySVjN8nY8YCVjc5O7PZDIdZporIDY3KaGfJunh88=
google.golang.org/genproto/googleapis/rpc v0.0.0-20241209162323-e6fa225c2576 h1:8ZmaLZE4XWrtU3MyClkYqqtl6Oegr3235h7jxsDyqCY=
google.golang.org/genproto/googleapis/rpc v0.0.0-20241209162323-e6fa225c2576/go.mod h1:5uTbfoYQed2U9p3KIj2/Zzm02PYhndfdmML0qC3q3FU=
google.golang.org/protobuf v1.35.2 h1:8Ar7bF+apOIoThw1EdZl0p1oWvMqTHmpA2fRTyZO8io=
google.golang.org/protobuf v1.35.2/go.mod h1:9fA7Ob0pmnwhb644+1+CVWFRbNajQ6iRojtC/QF5bRE=
gopkg.in/check.v1 v0.0.0-20161208181325-20d25e280405/go.mod h1:Co6ibVJAznAaIkqp8huTwlJQCZ016jof/cbN4VW5Yz0=
gopkg.in/check.v1 v1.0.0-20201130134442-10cb98267c6c h1:Hei/4ADfdWqJk1ZMxUNpqntNwaWcugrBjAiHlqqRiVk=
gopkg.in/check.v1 v1.0.0-20201130134442-10cb98267c6c/go.mod h1:JHkPIbrfpd72SG/EVd6muEfDQjcINNoR0C8j2r3qZ4Q=
gopkg.in/yaml.v3 v3.0.0-20200313102051-9f266ea9e77c/go.mod h1:K4uyk7z7BCEPqu6E+C64Yfv1cQ7kz7rIZviUmN+EgEM=
gopkg.in/yaml.v3 v3.0.1 h1:fxVm/GzAzEWqLHuvctI91KS9hhNmmWOoWu0XTYJS7CA=
gopkg.in/yaml.v3 v3.0.1/go.mod h1:K4uyk7z7BCEPqu6E+C64Yfv1cQ7kz7rIZviUmN+EgEM=
